
Microsoft Visual Studio Solution File, Format Version 12.00
# Visual Studio Version 16
VisualStudioVersion = 16.0.31729.503
MinimumVisualStudioVersion = 10.0.40219.1
Project("{9A19103F-16F7-4668-BE54-9A1E7A4F7556}") = "Recap", "Recap\Recap.csproj", "{7695D036-CEBF-4B48-A646-7EE6E6ED7F82}"
EndProject
Project("{9A19103F-16F7-4668-BE54-9A1E7A4F7556}") = "Classes", "Classes\Classes.csproj", "{2E2F14D6-2556-4F4F-804D-894E0E8A04EF}"
EndProject
Project("{9A19103F-16F7-4668-BE54-9A1E7A4F7556}") = "RecapDemo", "RecapDemo\RecapDemo.csproj", "{986B5890-46CC-4865-B336-591064ACD909}"
EndProject
Project("{FAE04EC0-301F-11D3-BF4B-00C04F79EFBC}") = "Interfaces", "Interfaces\Interfaces.csproj", "{D95A4F80-6B6A-48A0-8AF9-3C5243C60AC4}"
EndProject
Project("{FAE04EC0-301F-11D3-BF4B-00C04F79EFBC}") = "InterfacesDemo", "InterfacesDemo\InterfacesDemo.csproj", "{2BB3982A-6BFA-4924-91B2-72CF1ACE6F92}"
EndProject
Project("{FAE04EC0-301F-11D3-BF4B-00C04F79EFBC}") = "Inheritance", "Inheritance\Inheritance.csproj", "{BB04392B-5693-45D5-8955-0DEAFEADFF9E}"
EndProject
Project("{FAE04EC0-301F-11D3-BF4B-00C04F79EFBC}") = "AdvancedInterfaces", "AdvancedInterfaces\AdvancedInterfaces.csproj", "{F8252EFB-F200-49A9-847C-DC2EA9FE2ED4}"
EndProject
Global
	GlobalSection(SolutionConfigurationPlatforms) = preSolution
		Debug|Any CPU = Debug|Any CPU
		Release|Any CPU = Release|Any CPU
	EndGlobalSection
	GlobalSection(ProjectConfigurationPlatforms) = postSolution
		{7695D036-CEBF-4B48-A646-7EE6E6ED7F82}.Debug|Any CPU.ActiveCfg = Debug|Any CPU
		{7695D036-CEBF-4B48-A646-7EE6E6ED7F82}.Debug|Any CPU.Build.0 = Debug|Any CPU
		{7695D036-CEBF-4B48-A646-7EE6E6ED7F82}.Release|Any CPU.ActiveCfg = Release|Any CPU
		{7695D036-CEBF-4B48-A646-7EE6E6ED7F82}.Release|Any CPU.Build.0 = Release|Any CPU
		{2E2F14D6-2556-4F4F-804D-894E0E8A04EF}.Debug|Any CPU.ActiveCfg = Debug|Any CPU
		{2E2F14D6-2556-4F4F-804D-894E0E8A04EF}.Debug|Any CPU.Build.0 = Debug|Any CPU
		{2E2F14D6-2556-4F4F-804D-894E0E8A04EF}.Release|Any CPU.ActiveCfg = Release|Any CPU
		{2E2F14D6-2556-4F4F-804D-894E0E8A04EF}.Release|Any CPU.Build.0 = Release|Any CPU
		{986B5890-46CC-4865-B336-591064ACD909}.Debug|Any CPU.ActiveCfg = Debug|Any CPU
		{986B5890-46CC-4865-B336-591064ACD909}.Debug|Any CPU.Build.0 = Debug|Any CPU
		{986B5890-46CC-4865-B336-591064ACD909}.Release|Any CPU.ActiveCfg = Release|Any CPU
		{986B5890-46CC-4865-B336-591064ACD909}.Release|Any CPU.Build.0 = Release|Any CPU
		{D95A4F80-6B6A-48A0-8AF9-3C5243C60AC4}.Debug|Any CPU.ActiveCfg = Debug|Any CPU
		{D95A4F80-6B6A-48A0-8AF9-3C5243C60AC4}.Debug|Any CPU.Build.0 = Debug|Any CPU
		{D95A4F80-6B6A-48A0-8AF9-3C5243C60AC4}.Release|Any CPU.ActiveCfg = Release|Any CPU
		{D95A4F80-6B6A-48A0-8AF9-3C5243C60AC4}.Release|Any CPU.Build.0 = Release|Any CPU
		{2BB3982A-6BFA-4924-91B2-72CF1ACE6F92}.Debug|Any CPU.ActiveCfg = Debug|Any CPU
		{2BB3982A-6BFA-4924-91B2-72CF1ACE6F92}.Debug|Any CPU.Build.0 = Debug|Any CPU
		{2BB3982A-6BFA-4924-91B2-72CF1ACE6F92}.Release|Any CPU.ActiveCfg = Release|Any CPU
		{2BB3982A-6BFA-4924-91B2-72CF1ACE6F92}.Release|Any CPU.Build.0 = Release|Any CPU
		{BB04392B-5693-45D5-8955-0DEAFEADFF9E}.Debug|Any CPU.ActiveCfg = Debug|Any CPU
		{BB04392B-5693-45D5-8955-0DEAFEADFF9E}.Debug|Any CPU.Build.0 = Debug|Any CPU
		{BB04392B-5693-45D5-8955-0DEAFEADFF9E}.Release|Any CPU.ActiveCfg = Release|Any CPU
		{BB04392B-5693-45D5-8955-0DEAFEADFF9E}.Release|Any CPU.Build.0 = Release|Any CPU
		{F8252EFB-F200-49A9-847C-DC2EA9FE2ED4}.Debug|Any CPU.ActiveCfg = Debug|Any CPU
		{F8252EFB-F200-49A9-847C-DC2EA9FE2ED4}.Debug|Any CPU.Build.0 = Debug|Any CPU
		{F8252EFB-F200-49A9-847C-DC2EA9FE2ED4}.Release|Any CPU.ActiveCfg = Release|Any CPU
		{F8252EFB-F200-49A9-847C-DC2EA9FE2ED4}.Release|Any CPU.Build.0 = Release|Any CPU
	EndGlobalSection
	GlobalSection(SolutionProperties) = preSolution
		HideSolutionNode = FALSE
	EndGlobalSection
	GlobalSection(ExtensibilityGlobals) = postSolution
		SolutionGuid = {C9B74A94-C921-4190-9B4B-81795A6C1A0F}
	EndGlobalSection
EndGlobal
